
Microsoft Visual Studio Solution File, Format Version 12.00
# Visual Studio Version 17
VisualStudioVersion = 17.4.33205.214
MinimumVisualStudioVersion = 10.0.40219.1
Project("{FAE04EC0-301F-11D3-BF4B-00C04F79EFBC}") = "AlgoritmsCourse", "AlgoritmsCourse\AlgoritmsCourse.csproj", "{0654CCE7-1DD5-477B-8149-F61DFD4E8EF8}"
EndProject
Global
	GlobalSection(SolutionConfigurationPlatforms) = preSolution
		Debug|Any CPU = Debug|Any CPU
		Release|Any CPU = Release|Any CPU
	EndGlobalSection
	GlobalSection(ProjectConfigurationPlatforms) = postSolution
		{0654CCE7-1DD5-477B-8149-F61DFD4E8EF8}.Debug|Any CPU.ActiveCfg = Debug|Any CPU
		{0654CCE7-1DD5-477B-8149-F61DFD4E8EF8}.Debug|Any CPU.Build.0 = Debug|Any CPU
		{0654CCE7-1DD5-477B-8149-F61DFD4E8EF8}.Release|Any CPU.ActiveCfg = Release|Any CPU
		{0654CCE7-1DD5-477B-8149-F61DFD4E8EF8}.Release|Any CPU.Build.0 = Release|Any CPU
	EndGlobalSection
	GlobalSection(SolutionProperties) = preSolution
		HideSolutionNode = FALSE
	EndGlobalSection
	GlobalSection(ExtensibilityGlobals) = postSolution
		SolutionGuid = {14549E8E-4731-49A3-A003-35D109359E69}
	EndGlobalSection
EndGlobal
